
Microsoft Visual Studio Solution File, Format Version 12.00
# Visual Studio Version 16
VisualStudioVersion = 16.0.31729.503
MinimumVisualStudioVersion = 10.0.40219.1
Project("{159641D6-6404-4A2A-AE62-294DE0FE8301}") = "SCD_SCHEMA_DATA_CONVERSION", "UdemyFirstProject\SCD_SCHEMA_DATA_CONVERSION.dtproj", "{DFAFE267-502E-446F-AFF8-229C2146A6C2}"
EndProject
Project("{D2ABAB84-BF74-430A-B69E-9DC6D40DDA17}") = "SSASCustomerFinal", "SSASCustomerFinal\SSASCustomerFinal.dwproj", "{667D625C-8DA7-4245-B868-9C7E96CC44D2}"
EndProject
Global
	GlobalSection(SolutionConfigurationPlatforms) = preSolution
		Development|Default = Development|Default
	EndGlobalSection
	GlobalSection(ProjectConfigurationPlatforms) = postSolution
		{DFAFE267-502E-446F-AFF8-229C2146A6C2}.Development|Default.ActiveCfg = Development
		{DFAFE267-502E-446F-AFF8-229C2146A6C2}.Development|Default.Build.0 = Development
		{667D625C-8DA7-4245-B868-9C7E96CC44D2}.Development|Default.ActiveCfg = Development
		{667D625C-8DA7-4245-B868-9C7E96CC44D2}.Development|Default.Build.0 = Development
		{667D625C-8DA7-4245-B868-9C7E96CC44D2}.Development|Default.Deploy.0 = Development
	EndGlobalSection
	GlobalSection(SolutionProperties) = preSolution
		HideSolutionNode = FALSE
	EndGlobalSection
	GlobalSection(ExtensibilityGlobals) = postSolution
		SolutionGuid = {D6644EB3-25A8-41E9-B664-447595410589}
	EndGlobalSection
EndGlobal
